{
  "name": "snkrx-analysis",
  "lockfileVersion": 2,
  "requires": true,
  "packages": {
    "": {
      "dependencies": {
        "axios": "^0.21.1",
        "luaparse": "^0.3.1",
        "markdown-table": "^3.0.1",
        "tablemark": "^2.0.0"
      }
    },
    "node_modules/axios": {
      "version": "0.21.1",
      "resolved": "https://registry.npmjs.org/axios/-/axios-0.21.1.tgz",
      "integrity": "sha512-dKQiRHxGD9PPRIUNIWvZhPTPpl1rf/OxTYKsqKUDjBwYylTvV7SjSHJb9ratfyzM6wCdLCOYLzs73qpg5c4iGA==",
      "dependencies": {
        "follow-redirects": "^1.10.0"
      }
    },
    "node_modules/follow-redirects": {
      "version": "1.14.1",
      "resolved": "https://registry.npmjs.org/follow-redirects/-/follow-redirects-1.14.1.tgz",
      "integrity": "sha512-HWqDgT7ZEkqRzBvc2s64vSZ/hfOceEol3ac/7tKwzuvEyWx3/4UegXh5oBOIotkGsObyk3xznnSRVADBgWSQVg==",
      "funding": [
        {
          "type": "individual",
          "url": "https://github.com/sponsors/RubenVerborgh"
        }
      ],
      "engines": {
        "node": ">=4.0"
      },
      "peerDependenciesMeta": {
        "debug": {
          "optional": true
        }
      }
    },
    "node_modules/get-stdin": {
      "version": "5.0.1",
      "resolved": "https://registry.npmjs.org/get-stdin/-/get-stdin-5.0.1.tgz",
      "integrity": "sha1-Ei4WFZHiH/TFJTAwVpPyDmOTo5g=",
      "engines": {
        "node": ">=0.12.0"
      }
    },
    "node_modules/lower-case": {
      "version": "1.1.4",
      "resolved": "https://registry.npmjs.org/lower-case/-/lower-case-1.1.4.tgz",
      "integrity": "sha1-miyr0bno4K6ZOkv31YdcOcQujqw="
    },
    "node_modules/luaparse": {
      "version": "0.3.1",
      "resolved": "https://registry.npmjs.org/luaparse/-/luaparse-0.3.1.tgz",
      "integrity": "sha512-b21h2bFEbtGXmVqguHogbyrMAA0wOHyp9u/rx+w6Yc9pW1t9YjhGUsp87lYcp7pFRqSWN/PhFkrdIqKEUzRjjQ==",
      "bin": {
        "luaparse": "bin/luaparse"
      }
    },
    "node_modules/markdown-table": {
      "version": "3.0.1",
      "resolved": "https://registry.npmjs.org/markdown-table/-/markdown-table-3.0.1.tgz",
      "integrity": "sha512-CBbaYXKSGnE1uLRpKA1SWgIRb2PQrpkllNWpZtZe6VojOJ4ysqiq7/2glYcmKsOYN09QgH/HEBX5hIshAeiK6A==",
      "funding": {
        "type": "github",
        "url": "https://github.com/sponsors/wooorm"
      }
    },
    "node_modules/minimist": {
      "version": "1.2.5",
      "resolved": "https://registry.npmjs.org/minimist/-/minimist-1.2.5.tgz",
      "integrity": "sha512-FM9nNUYrRBAELZQT3xeZQ7fmMOBg6nWNmJKTcgsJeaLstP/UODVpGsr5OhXhhXg6f+qtJ8uiZ+PUxkDWcgIXLw=="
    },
    "node_modules/no-case": {
      "version": "2.3.2",
      "resolved": "https://registry.npmjs.org/no-case/-/no-case-2.3.2.tgz",
      "integrity": "sha512-rmTZ9kz+f3rCvK2TD1Ue/oZlns7OGoIWP4fc3llxxRXlOkHKoWPPWJOfFYpITabSow43QJbRIoHQXtt10VldyQ==",
      "dependencies": {
        "lower-case": "^1.1.1"
      }
    },
    "node_modules/sentence-case": {
      "version": "2.1.1",
      "resolved": "https://registry.npmjs.org/sentence-case/-/sentence-case-2.1.1.tgz",
      "integrity": "sha1-H24t2jnBaL+S0T+G1KkYkz9mftQ=",
      "dependencies": {
        "no-case": "^2.2.0",
        "upper-case-first": "^1.1.2"
      }
    },
    "node_modules/split-text-to-chunks": {
      "version": "1.0.0",
      "resolved": "https://registry.npmjs.org/split-text-to-chunks/-/split-text-to-chunks-1.0.0.tgz",
      "integrity": "sha512-HLtEwXK/T4l7QZSJ/kOSsZC0o5e2Xg3GzKKFxm0ZexJXw0Bo4CaEl39l7MCSRHk9EOOL5jT8JIDjmhTtcoe6lQ==",
      "dependencies": {
        "get-stdin": "^5.0.1",
        "minimist": "^1.2.0"
      },
      "bin": {
        "wordwrap": "cli.js"
      }
    },
    "node_modules/tablemark": {
      "version": "2.0.0",
      "resolved": "https://registry.npmjs.org/tablemark/-/tablemark-2.0.0.tgz",
      "integrity": "sha512-bgvShWeSUIWO4j6NH7wGrn1xUQMJ/LRZFIRWE6ka5CFNfQ5qOP9FB4amKCurUUr7C0K4AJGHYDLkaf8A6t5Aww==",
      "dependencies": {
        "sentence-case": "^2.1.1",
        "split-text-to-chunks": "^1.0.0"
      },
      "engines": {
        "node": ">=8.10"
      }
    },
    "node_modules/upper-case": {
      "version": "1.1.3",
      "resolved": "https://registry.npmjs.org/upper-case/-/upper-case-1.1.3.tgz",
      "integrity": "sha1-9rRQHC7EzdJrp4vnIilh3ndiFZg="
    },
    "node_modules/upper-case-first": {
      "version": "1.1.2",
      "resolved": "https://registry.npmjs.org/upper-case-first/-/upper-case-first-1.1.2.tgz",
      "integrity": "sha1-XXm+3P8UQZUY/S7bCgUHybaFkRU=",
      "dependencies": {
        "upper-case": "^1.1.1"
      }
    }
  },
  "dependencies": {
    "axios": {
      "version": "0.21.1",
      "resolved": "https://registry.npmjs.org/axios/-/axios-0.21.1.tgz",
      "integrity": "sha512-dKQiRHxGD9PPRIUNIWvZhPTPpl1rf/OxTYKsqKUDjBwYylTvV7SjSHJb9ratfyzM6wCdLCOYLzs73qpg5c4iGA==",
      "requires": {
        "follow-redirects": "^1.10.0"
      }
    },
    "follow-redirects": {
      "version": "1.14.1",
      "resolved": "https://registry.npmjs.org/follow-redirects/-/follow-redirects-1.14.1.tgz",
      "integrity": "sha512-HWqDgT7ZEkqRzBvc2s64vSZ/hfOceEol3ac/7tKwzuvEyWx3/4UegXh5oBOIotkGsObyk3xznnSRVADBgWSQVg=="
    },
    "get-stdin": {
      "version": "5.0.1",
      "resolved": "https://registry.npmjs.org/get-stdin/-/get-stdin-5.0.1.tgz",
      "integrity": "sha1-Ei4WFZHiH/TFJTAwVpPyDmOTo5g="
    },
    "lower-case": {
      "version": "1.1.4",
      "resolved": "https://registry.npmjs.org/lower-case/-/lower-case-1.1.4.tgz",
      "integrity": "sha1-miyr0bno4K6ZOkv31YdcOcQujqw="
    },
    "luaparse": {
      "version": "0.3.1",
      "resolved": "https://registry.npmjs.org/luaparse/-/luaparse-0.3.1.tgz",
      "integrity": "sha512-b21h2bFEbtGXmVqguHogbyrMAA0wOHyp9u/rx+w6Yc9pW1t9YjhGUsp87lYcp7pFRqSWN/PhFkrdIqKEUzRjjQ=="
    },
    "markdown-table": {
      "version": "3.0.1",
      "resolved": "https://registry.npmjs.org/markdown-table/-/markdown-table-3.0.1.tgz",
      "integrity": "sha512-CBbaYXKSGnE1uLRpKA1SWgIRb2PQrpkllNWpZtZe6VojOJ4ysqiq7/2glYcmKsOYN09QgH/HEBX5hIshAeiK6A=="
    },
    "minimist": {
      "version": "1.2.5",
      "resolved": "https://registry.npmjs.org/minimist/-/minimist-1.2.5.tgz",
      "integrity": "sha512-FM9nNUYrRBAELZQT3xeZQ7fmMOBg6nWNmJKTcgsJeaLstP/UODVpGsr5OhXhhXg6f+qtJ8uiZ+PUxkDWcgIXLw=="
    },
    "no-case": {
      "version": "2.3.2",
      "resolved": "https://registry.npmjs.org/no-case/-/no-case-2.3.2.tgz",
      "integrity": "sha512-rmTZ9kz+f3rCvK2TD1Ue/oZlns7OGoIWP4fc3llxxRXlOkHKoWPPWJOfFYpITabSow43QJbRIoHQXtt10VldyQ==",
      "requires": {
        "lower-case": "^1.1.1"
      }
    },
    "sentence-case": {
      "version": "2.1.1",
      "resolved": "https://registry.npmjs.org/sentence-case/-/sentence-case-2.1.1.tgz",
      "integrity": "sha1-H24t2jnBaL+S0T+G1KkYkz9mftQ=",
      "requires": {
        "no-case": "^2.2.0",
        "upper-case-first": "^1.1.2"
      }
    },
    "split-text-to-chunks": {
      "version": "1.0.0",
      "resolved": "https://registry.npmjs.org/split-text-to-chunks/-/split-text-to-chunks-1.0.0.tgz",
      "integrity": "sha512-HLtEwXK/T4l7QZSJ/kOSsZC0o5e2Xg3GzKKFxm0ZexJXw0Bo4CaEl39l7MCSRHk9EOOL5jT8JIDjmhTtcoe6lQ==",
      "requires": {
        "get-stdin": "^5.0.1",
        "minimist": "^1.2.0"
      }
    },
    "tablemark": {
      "version": "2.0.0",
      "resolved": "https://registry.npmjs.org/tablemark/-/tablemark-2.0.0.tgz",
      "integrity": "sha512-bgvShWeSUIWO4j6NH7wGrn1xUQMJ/LRZFIRWE6ka5CFNfQ5qOP9FB4amKCurUUr7C0K4AJGHYDLkaf8A6t5Aww==",
      "requires": {
        "sentence-case": "^2.1.1",
        "split-text-to-chunks": "^1.0.0"
      }
    },
    "upper-case": {
      "version": "1.1.3",
      "resolved": "https://registry.npmjs.org/upper-case/-/upper-case-1.1.3.tgz",
      "integrity": "sha1-9rRQHC7EzdJrp4vnIilh3ndiFZg="
    },
    "upper-case-first": {
      "version": "1.1.2",
      "resolved": "https://registry.npmjs.org/upper-case-first/-/upper-case-first-1.1.2.tgz",
      "integrity": "sha1-XXm+3P8UQZUY/S7bCgUHybaFkRU=",
      "requires": {
        "upper-case": "^1.1.1"
      }
    }
  }
}
